PODS:
  - Aspects (1.4.1)
  - FBSnapshotTestCase (2.1.4):
    - FBSnapshotTestCase/SwiftSupport (= 2.1.4)
  - FBSnapshotTestCase/Core (2.1.4)
  - FBSnapshotTestCase/SwiftSupport (2.1.4):
    - FBSnapshotTestCase/Core
  - TPFControllerAllocTrace (0.1.2):
    - Aspects (~> 1.4.1)

DEPENDENCIES:
  - FBSnapshotTestCase
  - TPFControllerAllocTrace (from `../`)

SPEC REPOS:
  trunk:
    - Aspects
    - FBSnapshotTestCase

EXTERNAL SOURCES:
  TPFControllerAllocTrace:
    :path: "../"

SPEC CHECKSUMS:
  Aspects: 7595ba96a6727a58ebcbfc954497fc5d2fdde546
  FBSnapshotTestCase: 094f9f314decbabe373b87cc339bea235a63e07a
  TPFControllerAllocTrace: 122347f55a5882f5574a589d67f556e58c466066

PODFILE CHECKSUM: 79525e53e300a4fe3b138f2ca99d1e9d7e4fd98e

COCOAPODS: 1.11.3
