PODS:
  - Aspects (1.4.1)
  - TPFControllerAllocTrace (0.1.2):
    - Aspects (~> 1.4.1)

DEPENDENCIES:
  - TPFControllerAllocTrace (from `../`)

SPEC REPOS:
  trunk:
    - Aspects

EXTERNAL SOURCES:
  TPFControllerAllocTrace:
    :path: "../"

SPEC CHECKSUMS:
  Aspects: 7595ba96a6727a58ebcbfc954497fc5d2fdde546
  TPFControllerAllocTrace: 1cca73c41b85f5696029b81a0aa756d481610eac

PODFILE CHECKSUM: a7b351365f5b7a77be28dd6bef18c15df08c6e60

COCOAPODS: 1.11.2
