PODS:
  - Aspects (1.4.1)
  - FBSnapshotTestCase (2.1.4):
    - FBSnapshotTestCase/SwiftSupport (= 2.1.4)
  - FBSnapshotTestCase/Core (2.1.4)
  - FBSnapshotTestCase/SwiftSupport (2.1.4):
    - FBSnapshotTestCase/Core
  - TPFControllerAllocTrace (0.1.2):
    - Aspects (~> 1.4.1)
    - TPFControllerAllocTrace/no-arc (= 0.1.2)
  - TPFControllerAllocTrace/no-arc (0.1.2):
    - Aspects (~> 1.4.1)

DEPENDENCIES:
  - FBSnapshotTestCase
  - TPFControllerAllocTrace (from `../`)

SPEC REPOS:
  trunk:
    - Aspects
    - FBSnapshotTestCase

EXTERNAL SOURCES:
  TPFControllerAllocTrace:
    :path: "../"

SPEC CHECKSUMS:
  Aspects: 7595ba96a6727a58ebcbfc954497fc5d2fdde546
  FBSnapshotTestCase: 094f9f314decbabe373b87cc339bea235a63e07a
  TPFControllerAllocTrace: 75fd2ec7e7ca1d3c3025d6d279c54bfc32cee2e5

PODFILE CHECKSUM: 7dab35862f39f3b1f8a489afac2e13a3c19c8486

COCOAPODS: 1.11.3
